// !$*UTF8*$!
{
	archiveVersion = 1;
	classes = {
	};
	objectVersion = 51;
	objects = {

/* Begin PBXBuildFile section */
		045C94EE2576BB4C00A86876 /* AudioPlayer.swift in Sources */ = {isa = PBXBuildFile; fileRef = 045C94ED2576BB4C00A86876 /* AudioPlayer.swift */; };
		045C94F22576C19300A86876 /* HapticFeedback.swift in Sources */ = {isa = PBXBuildFile; fileRef = 045C94F12576C19300A86876 /* HapticFeedback.swift */; };
		0489B6CD24D84A8A0059E949 /* background.json in Resources */ = {isa = PBXBuildFile; fileRef = 0489B6CC24D84A8A0059E949 /* background.json */; };
		0489B6D024D8708D0059E949 /* GoogleService-Info.plist in Resources */ = {isa = PBXBuildFile; fileRef = 0489B6CF24D8708D0059E949 /* GoogleService-Info.plist */; };
		0492468224DAC48D00E5273E /* NetworkService.swift in Sources */ = {isa = PBXBuildFile; fileRef = 0492468124DAC48D00E5273E /* NetworkService.swift */; };
		0496B48E24C1D87E00677EAA /* Montserra_Regular.ttf in Resources */ = {isa = PBXBuildFile; fileRef = 0496B48D24C1D87E00677EAA /* Montserra_Regular.ttf */; };
		0496B49124C1EFE000677EAA /* MainViewCell.swift in Sources */ = {isa = PBXBuildFile; fileRef = 0496B49024C1EFE000677EAA /* MainViewCell.swift */; };
		04DAF59F24E5B0DD001E9C48 /* CachingService.swift in Sources */ = {isa = PBXBuildFile; fileRef = 04DAF59E24E5B0DD001E9C48 /* CachingService.swift */; };
		04E84EC7258A1EA100A7CECA /* ChoiseTimerView.swift in Sources */ = {isa = PBXBuildFile; fileRef = 04E84EC6258A1EA100A7CECA /* ChoiseTimerView.swift */; };
		04E84EE1258A204500A7CECA /* TimerView.swift in Sources */ = {isa = PBXBuildFile; fileRef = 04E84EE0258A204500A7CECA /* TimerView.swift */; };
		04E9A6DE25DAFF9E0090C4D2 /* TimerViewController.swift in Sources */ = {isa = PBXBuildFile; fileRef = 04E9A6DD25DAFF9D0090C4D2 /* TimerViewController.swift */; };
		04F5668024B88CA6002FB386 /* AppDelegate.swift in Sources */ = {isa = PBXBuildFile; fileRef = 04F5667F24B88CA6002FB386 /* AppDelegate.swift */; };
		04F5668224B88CA6002FB386 /* SceneDelegate.swift in Sources */ = {isa = PBXBuildFile; fileRef = 04F5668124B88CA6002FB386 /* SceneDelegate.swift */; };
		04F5668424B88CA6002FB386 /* StartViewController.swift in Sources */ = {isa = PBXBuildFile; fileRef = 04F5668324B88CA6002FB386 /* StartViewController.swift */; };
		04F5668924B88CA9002FB386 /* Assets.xcassets in Resources */ = {isa = PBXBuildFile; fileRef = 04F5668824B88CA9002FB386 /* Assets.xcassets */; };
		04F5668C24B88CA9002FB386 /* LaunchScreen.storyboard in Resources */ = {isa = PBXBuildFile; fileRef = 04F5668A24B88CA9002FB386 /* LaunchScreen.storyboard */; };
		04F5669524BAF975002FB386 /* SoundModel.swift in Sources */ = {isa = PBXBuildFile; fileRef = 04F5669424BAF975002FB386 /* SoundModel.swift */; };
		04F5669C24BB07E5002FB386 /* Montserrat_Alternates.ttf in Resources */ = {isa = PBXBuildFile; fileRef = 04F5669B24BB07E5002FB386 /* Montserrat_Alternates.ttf */; };
		04F566A024BB0FD6002FB386 /* MainViewController.swift in Sources */ = {isa = PBXBuildFile; fileRef = 04F5669F24BB0FD6002FB386 /* MainViewController.swift */; };
		04F59E8A25763E0E00A35094 /* ControllerBuilder.swift in Sources */ = {isa = PBXBuildFile; fileRef = 04F59E8925763E0E00A35094 /* ControllerBuilder.swift */; };
		04F59E8F257642D700A35094 /* MainViewControllerPresenter.swift in Sources */ = {isa = PBXBuildFile; fileRef = 04F59E8E257642D700A35094 /* MainViewControllerPresenter.swift */; };
		0F3CBA5E2620896D006BF1E8 /* UIColorExtensions.swift in Sources */ = {isa = PBXBuildFile; fileRef = 0F3CBA5D2620896D006BF1E8 /* UIColorExtensions.swift */; };
		0F41F105272C46CB00C5BACE /* SubscriptionsID's.swift in Sources */ = {isa = PBXBuildFile; fileRef = 0F41F100272C46CB00C5BACE /* SubscriptionsID's.swift */; };
		0F41F106272C46CB00C5BACE /* SubscriptionViewPresenter.swift in Sources */ = {isa = PBXBuildFile; fileRef = 0F41F102272C46CB00C5BACE /* SubscriptionViewPresenter.swift */; };
		0F41F107272C46CB00C5BACE /* SubscriptionViewController.swift in Sources */ = {isa = PBXBuildFile; fileRef = 0F41F104272C46CB00C5BACE /* SubscriptionViewController.swift */; };
		0F41F109272C46E700C5BACE /* DefaultsService.swift in Sources */ = {isa = PBXBuildFile; fileRef = 0F41F108272C46E700C5BACE /* DefaultsService.swift */; };
		0F41F10B272C46EF00C5BACE /* NotificationService.swift in Sources */ = {isa = PBXBuildFile; fileRef = 0F41F10A272C46EF00C5BACE /* NotificationService.swift */; };
		0F41F10D272C46F500C5BACE /* PurchaseManager.swift in Sources */ = {isa = PBXBuildFile; fileRef = 0F41F10C272C46F500C5BACE /* PurchaseManager.swift */; };
		0F41F114272C46FE00C5BACE /* PriceView.swift in Sources */ = {isa = PBXBuildFile; fileRef = 0F41F10F272C46FE00C5BACE /* PriceView.swift */; };
		0F41F115272C46FE00C5BACE /* TermsOfUseButton.swift in Sources */ = {isa = PBXBuildFile; fileRef = 0F41F110272C46FE00C5BACE /* TermsOfUseButton.swift */; };
		0F41F116272C46FE00C5BACE /* BasicButton.swift in Sources */ = {isa = PBXBuildFile; fileRef = 0F41F111272C46FE00C5BACE /* BasicButton.swift */; };
		0F41F117272C46FE00C5BACE /* GradientView.swift in Sources */ = {isa = PBXBuildFile; fileRef = 0F41F112272C46FE00C5BACE /* GradientView.swift */; };
		0F41F118272C46FE00C5BACE /* PrivacyPolicyButton.swift in Sources */ = {isa = PBXBuildFile; fileRef = 0F41F113272C46FE00C5BACE /* PrivacyPolicyButton.swift */; };
		0F98274C26A1A7ED0001950E /* UIDeviceExtension.swift in Sources */ = {isa = PBXBuildFile; fileRef = 0F98274B26A1A7ED0001950E /* UIDeviceExtension.swift */; };
		0FDC472027317711004FCBCE /* MontserratAlternates-BoldItalic.ttf in Resources */ = {isa = PBXBuildFile; fileRef = 0FDC470D2731770E004FCBCE /* MontserratAlternates-BoldItalic.ttf */; };
		0FDC472127317711004FCBCE /* MontserratAlternates-SemiBold.ttf in Resources */ = {isa = PBXBuildFile; fileRef = 0FDC470E2731770E004FCBCE /* MontserratAlternates-SemiBold.ttf */; };
		0FDC472227317711004FCBCE /* MontserratAlternates-SemiBoldItalic.ttf in Resources */ = {isa = PBXBuildFile; fileRef = 0FDC470F2731770E004FCBCE /* MontserratAlternates-SemiBoldItalic.ttf */; };
		0FDC472327317711004FCBCE /* MontserratAlternates-ExtraBoldItalic.ttf in Resources */ = {isa = PBXBuildFile; fileRef = 0FDC47102731770E004FCBCE /* MontserratAlternates-ExtraBoldItalic.ttf */; };
		0FDC472427317711004FCBCE /* MontserratAlternates-Light.ttf in Resources */ = {isa = PBXBuildFile; fileRef = 0FDC47112731770E004FCBCE /* MontserratAlternates-Light.ttf */; };
		0FDC472527317711004FCBCE /* MontserratAlternates-ExtraLight.ttf in Resources */ = {isa = PBXBuildFile; fileRef = 0FDC47122731770F004FCBCE /* MontserratAlternates-ExtraLight.ttf */; };
		0FDC472627317711004FCBCE /* MontserratAlternates-Thin.ttf in Resources */ = {isa = PBXBuildFile; fileRef = 0FDC47132731770F004FCBCE /* MontserratAlternates-Thin.ttf */; };
		0FDC472727317711004FCBCE /* MontserratAlternates-Medium.ttf in Resources */ = {isa = PBXBuildFile; fileRef = 0FDC47142731770F004FCBCE /* MontserratAlternates-Medium.ttf */; };
		0FDC472827317711004FCBCE /* MontserratAlternates-ExtraBold.ttf in Resources */ = {isa = PBXBuildFile; fileRef = 0FDC47152731770F004FCBCE /* MontserratAlternates-ExtraBold.ttf */; };
		0FDC472927317711004FCBCE /* MontserratAlternates-BlackItalic.ttf in Resources */ = {isa = PBXBuildFile; fileRef = 0FDC47162731770F004FCBCE /* MontserratAlternates-BlackItalic.ttf */; };
		0FDC472A27317711004FCBCE /* MontserratAlternates-LightItalic.ttf in Resources */ = {isa = PBXBuildFile; fileRef = 0FDC47172731770F004FCBCE /* MontserratAlternates-LightItalic.ttf */; };
		0FDC472C27317711004FCBCE /* MontserratAlternates-ExtraLightItalic.ttf in Resources */ = {isa = PBXBuildFile; fileRef = 0FDC471927317710004FCBCE /* MontserratAlternates-ExtraLightItalic.ttf */; };
		0FDC472D27317711004FCBCE /* MontserratAlternates-Regular.ttf in Resources */ = {isa = PBXBuildFile; fileRef = 0FDC471A27317710004FCBCE /* MontserratAlternates-Regular.ttf */; };
		0FDC472E27317711004FCBCE /* MontserratAlternates-Bold.ttf in Resources */ = {isa = PBXBuildFile; fileRef = 0FDC471B27317710004FCBCE /* MontserratAlternates-Bold.ttf */; };
		0FDC472F27317711004FCBCE /* MontserratAlternates-Italic.ttf in Resources */ = {isa = PBXBuildFile; fileRef = 0FDC471C27317710004FCBCE /* MontserratAlternates-Italic.ttf */; };
		0FDC473027317711004FCBCE /* MontserratAlternates-ThinItalic.ttf in Resources */ = {isa = PBXBuildFile; fileRef = 0FDC471D27317710004FCBCE /* MontserratAlternates-ThinItalic.ttf */; };
		0FDC473127317711004FCBCE /* MontserratAlternates-MediumItalic.ttf in Resources */ = {isa = PBXBuildFile; fileRef = 0FDC471E27317710004FCBCE /* MontserratAlternates-MediumItalic.ttf */; };
		0FDC473227317711004FCBCE /* MontserratAlternates-Black.ttf in Resources */ = {isa = PBXBuildFile; fileRef = 0FDC471F27317711004FCBCE /* MontserratAlternates-Black.ttf */; };
		0FDC47362731C6BB004FCBCE /* TimerViewPresenter.swift in Sources */ = {isa = PBXBuildFile; fileRef = 0FDC47352731C6BB004FCBCE /* TimerViewPresenter.swift */; };
		BE65FC9F2A8D5F21009E3C5D /* LifeTimeSubscriptionsViewController.swift in Sources */ = {isa = PBXBuildFile; fileRef = BE65FC9E2A8D5F21009E3C5D /* LifeTimeSubscriptionsViewController.swift */; };
		BE65FCA12A8D60A3009E3C5D /* CommonSubscriptionViewController.swift in Sources */ = {isa = PBXBuildFile; fileRef = BE65FCA02A8D60A3009E3C5D /* CommonSubscriptionViewController.swift */; };
		BE65FCA62A960E12009E3C5D /* SettingsViewController.swift in Sources */ = {isa = PBXBuildFile; fileRef = BE65FCA52A960E12009E3C5D /* SettingsViewController.swift */; };
		BE65FCA82A962F2F009E3C5D /* TableViewCell.swift in Sources */ = {isa = PBXBuildFile; fileRef = BE65FCA72A962F2F009E3C5D /* TableViewCell.swift */; };
		BE65FCAA2A962F4C009E3C5D /* SettingsImageView.swift in Sources */ = {isa = PBXBuildFile; fileRef = BE65FCA92A962F4C009E3C5D /* SettingsImageView.swift */; };
		D119D954C87A003F2A472291 /* Pods_Baby_Sleep.framework in Frameworks */ = {isa = PBXBuildFile; fileRef = 97DEA186E8F25836A30D84EB /* Pods_Baby_Sleep.framework */; };
/* End PBXBuildFile section */

/* Begin PBXFileReference section */
		045C94ED2576BB4C00A86876 /* AudioPlayer.swift */ = {isa = PBXFileReference; lastKnownFileType = sourcecode.swift; path = AudioPlayer.swift; sourceTree = "<group>"; };
		045C94F12576C19300A86876 /* HapticFeedback.swift */ = {isa = PBXFileReference; lastKnownFileType = sourcecode.swift; path = HapticFeedback.swift; sourceTree = "<group>"; };
		0489B6CC24D84A8A0059E949 /* background.json */ = {isa = PBXFileReference; fileEncoding = 4; lastKnownFileType = text.json; path = background.json; sourceTree = "<group>"; };
		0489B6CF24D8708D0059E949 /* GoogleService-Info.plist */ = {isa = PBXFileReference; fileEncoding = 4; lastKnownFileType = text.plist.xml; path = "GoogleService-Info.plist"; sourceTree = "<group>"; };
		0492468124DAC48D00E5273E /* NetworkService.swift */ = {isa = PBXFileReference; lastKnownFileType = sourcecode.swift; path = NetworkService.swift; sourceTree = "<group>"; };
		0496B48D24C1D87E00677EAA /* Montserra_Regular.ttf */ = {isa = PBXFileReference; lastKnownFileType = file; path = Montserra_Regular.ttf; sourceTree = "<group>"; };
		0496B49024C1EFE000677EAA /* MainViewCell.swift */ = {isa = PBXFileReference; lastKnownFileType = sourcecode.swift; path = MainViewCell.swift; sourceTree = "<group>"; };
		04DAF59E24E5B0DD001E9C48 /* CachingService.swift */ = {isa = PBXFileReference; lastKnownFileType = sourcecode.swift; path = CachingService.swift; sourceTree = "<group>"; };
		04E84EC6258A1EA100A7CECA /* ChoiseTimerView.swift */ = {isa = PBXFileReference; lastKnownFileType = sourcecode.swift; path = ChoiseTimerView.swift; sourceTree = "<group>"; };
		04E84EE0258A204500A7CECA /* TimerView.swift */ = {isa = PBXFileReference; lastKnownFileType = sourcecode.swift; path = TimerView.swift; sourceTree = "<group>"; };
		04E9A6DD25DAFF9D0090C4D2 /* TimerViewController.swift */ = {isa = PBXFileReference; lastKnownFileType = sourcecode.swift; path = TimerViewController.swift; sourceTree = "<group>"; };
		04F5667C24B88CA6002FB386 /* Baby Sleep.app */ = {isa = PBXFileReference; explicitFileType = wrapper.application; includeInIndex = 0; path = "Baby Sleep.app"; sourceTree = BUILT_PRODUCTS_DIR; };
		04F5667F24B88CA6002FB386 /* AppDelegate.swift */ = {isa = PBXFileReference; lastKnownFileType = sourcecode.swift; path = AppDelegate.swift; sourceTree = "<group>"; };
		04F5668124B88CA6002FB386 /* SceneDelegate.swift */ = {isa = PBXFileReference; lastKnownFileType = sourcecode.swift; path = SceneDelegate.swift; sourceTree = "<group>"; };
		04F5668324B88CA6002FB386 /* StartViewController.swift */ = {isa = PBXFileReference; lastKnownFileType = sourcecode.swift; path = StartViewController.swift; sourceTree = "<group>"; };
		04F5668824B88CA9002FB386 /* Assets.xcassets */ = {isa = PBXFileReference; lastKnownFileType = folder.assetcatalog; path = Assets.xcassets; sourceTree = "<group>"; };
		04F5668B24B88CA9002FB386 /* Base */ = {isa = PBXFileReference; lastKnownFileType = file.storyboard; name = Base; path = Base.lproj/LaunchScreen.storyboard; sourceTree = "<group>"; };
		04F5668D24B88CA9002FB386 /* Info.plist */ = {isa = PBXFileReference; lastKnownFileType = text.plist.xml; path = Info.plist; sourceTree = "<group>"; };
		04F5669424BAF975002FB386 /* SoundModel.swift */ = {isa = PBXFileReference; lastKnownFileType = sourcecode.swift; path = SoundModel.swift; sourceTree = "<group>"; };
		04F5669B24BB07E5002FB386 /* Montserrat_Alternates.ttf */ = {isa = PBXFileReference; lastKnownFileType = file; path = Montserrat_Alternates.ttf; sourceTree = "<group>"; };
		04F5669F24BB0FD6002FB386 /* MainViewController.swift */ = {isa = PBXFileReference; lastKnownFileType = sourcecode.swift; path = MainViewController.swift; sourceTree = "<group>"; };
		04F59E8925763E0E00A35094 /* ControllerBuilder.swift */ = {isa = PBXFileReference; lastKnownFileType = sourcecode.swift; path = ControllerBuilder.swift; sourceTree = "<group>"; };
		04F59E8E257642D700A35094 /* MainViewControllerPresenter.swift */ = {isa = PBXFileReference; lastKnownFileType = sourcecode.swift; path = MainViewControllerPresenter.swift; sourceTree = "<group>"; };
		0F3CBA5D2620896D006BF1E8 /* UIColorExtensions.swift */ = {isa = PBXFileReference; fileEncoding = 4; lastKnownFileType = sourcecode.swift; path = UIColorExtensions.swift; sourceTree = "<group>"; };
		0F41F100272C46CB00C5BACE /* SubscriptionsID's.swift */ = {isa = PBXFileReference; fileEncoding = 4; lastKnownFileType = sourcecode.swift; path = "SubscriptionsID's.swift"; sourceTree = "<group>"; };
		0F41F102272C46CB00C5BACE /* SubscriptionViewPresenter.swift */ = {isa = PBXFileReference; fileEncoding = 4; lastKnownFileType = sourcecode.swift; path = SubscriptionViewPresenter.swift; sourceTree = "<group>"; };
		0F41F104272C46CB00C5BACE /* SubscriptionViewController.swift */ = {isa = PBXFileReference; fileEncoding = 4; lastKnownFileType = sourcecode.swift; path = SubscriptionViewController.swift; sourceTree = "<group>"; };
		0F41F108272C46E700C5BACE /* DefaultsService.swift */ = {isa = PBXFileReference; fileEncoding = 4; lastKnownFileType = sourcecode.swift; path = DefaultsService.swift; sourceTree = "<group>"; };
		0F41F10A272C46EF00C5BACE /* NotificationService.swift */ = {isa = PBXFileReference; fileEncoding = 4; lastKnownFileType = sourcecode.swift; path = NotificationService.swift; sourceTree = "<group>"; };
		0F41F10C272C46F500C5BACE /* PurchaseManager.swift */ = {isa = PBXFileReference; fileEncoding = 4; lastKnownFileType = sourcecode.swift; path = PurchaseManager.swift; sourceTree = "<group>"; };
		0F41F10F272C46FE00C5BACE /* PriceView.swift */ = {isa = PBXFileReference; fileEncoding = 4; lastKnownFileType = sourcecode.swift; path = PriceView.swift; sourceTree = "<group>"; };
		0F41F110272C46FE00C5BACE /* TermsOfUseButton.swift */ = {isa = PBXFileReference; fileEncoding = 4; lastKnownFileType = sourcecode.swift; path = TermsOfUseButton.swift; sourceTree = "<group>"; };
		0F41F111272C46FE00C5BACE /* BasicButton.swift */ = {isa = PBXFileReference; fileEncoding = 4; lastKnownFileType = sourcecode.swift; path = BasicButton.swift; sourceTree = "<group>"; };
		0F41F112272C46FE00C5BACE /* GradientView.swift */ = {isa = PBXFileReference; fileEncoding = 4; lastKnownFileType = sourcecode.swift; path = GradientView.swift; sourceTree = "<group>"; };
		0F41F113272C46FE00C5BACE /* PrivacyPolicyButton.swift */ = {isa = PBXFileReference; fileEncoding = 4; lastKnownFileType = sourcecode.swift; path = PrivacyPolicyButton.swift; sourceTree = "<group>"; };
		0F98274B26A1A7ED0001950E /* UIDeviceExtension.swift */ = {isa = PBXFileReference; lastKnownFileType = sourcecode.swift; path = UIDeviceExtension.swift; sourceTree = "<group>"; };
		0FDC470D2731770E004FCBCE /* MontserratAlternates-BoldItalic.ttf */ = {isa = PBXFileReference; lastKnownFileType = file; path = "MontserratAlternates-BoldItalic.ttf"; sourceTree = "<group>"; };
		0FDC470E2731770E004FCBCE /* MontserratAlternates-SemiBold.ttf */ = {isa = PBXFileReference; lastKnownFileType = file; path = "MontserratAlternates-SemiBold.ttf"; sourceTree = "<group>"; };
		0FDC470F2731770E004FCBCE /* MontserratAlternates-SemiBoldItalic.ttf */ = {isa = PBXFileReference; lastKnownFileType = file; path = "MontserratAlternates-SemiBoldItalic.ttf"; sourceTree = "<group>"; };
		0FDC47102731770E004FCBCE /* MontserratAlternates-ExtraBoldItalic.ttf */ = {isa = PBXFileReference; lastKnownFileType = file; path = "MontserratAlternates-ExtraBoldItalic.ttf"; sourceTree = "<group>"; };
		0FDC47112731770E004FCBCE /* MontserratAlternates-Light.ttf */ = {isa = PBXFileReference; lastKnownFileType = file; path = "MontserratAlternates-Light.ttf"; sourceTree = "<group>"; };
		0FDC47122731770F004FCBCE /* MontserratAlternates-ExtraLight.ttf */ = {isa = PBXFileReference; lastKnownFileType = file; path = "MontserratAlternates-ExtraLight.ttf"; sourceTree = "<group>"; };
		0FDC47132731770F004FCBCE /* MontserratAlternates-Thin.ttf */ = {isa = PBXFileReference; lastKnownFileType = file; path = "MontserratAlternates-Thin.ttf"; sourceTree = "<group>"; };
		0FDC47142731770F004FCBCE /* MontserratAlternates-Medium.ttf */ = {isa = PBXFileReference; lastKnownFileType = file; path = "MontserratAlternates-Medium.ttf"; sourceTree = "<group>"; };
		0FDC47152731770F004FCBCE /* MontserratAlternates-ExtraBold.ttf */ = {isa = PBXFileReference; lastKnownFileType = file; path = "MontserratAlternates-ExtraBold.ttf"; sourceTree = "<group>"; };
		0FDC47162731770F004FCBCE /* MontserratAlternates-BlackItalic.ttf */ = {isa = PBXFileReference; lastKnownFileType = file; path = "MontserratAlternates-BlackItalic.ttf"; sourceTree = "<group>"; };
		0FDC47172731770F004FCBCE /* MontserratAlternates-LightItalic.ttf */ = {isa = PBXFileReference; lastKnownFileType = file; path = "MontserratAlternates-LightItalic.ttf"; sourceTree = "<group>"; };
		0FDC471927317710004FCBCE /* MontserratAlternates-ExtraLightItalic.ttf */ = {isa = PBXFileReference; lastKnownFileType = file; path = "MontserratAlternates-ExtraLightItalic.ttf"; sourceTree = "<group>"; };
		0FDC471A27317710004FCBCE /* MontserratAlternates-Regular.ttf */ = {isa = PBXFileReference; lastKnownFileType = file; path = "MontserratAlternates-Regular.ttf"; sourceTree = "<group>"; };
		0FDC471B27317710004FCBCE /* MontserratAlternates-Bold.ttf */ = {isa = PBXFileReference; lastKnownFileType = file; path = "MontserratAlternates-Bold.ttf"; sourceTree = "<group>"; };
		0FDC471C27317710004FCBCE /* MontserratAlternates-Italic.ttf */ = {isa = PBXFileReference; lastKnownFileType = file; path = "MontserratAlternates-Italic.ttf"; sourceTree = "<group>"; };
		0FDC471D27317710004FCBCE /* MontserratAlternates-ThinItalic.ttf */ = {isa = PBXFileReference; lastKnownFileType = file; path = "MontserratAlternates-ThinItalic.ttf"; sourceTree = "<group>"; };
		0FDC471E27317710004FCBCE /* MontserratAlternates-MediumItalic.ttf */ = {isa = PBXFileReference; lastKnownFileType = file; path = "MontserratAlternates-MediumItalic.ttf"; sourceTree = "<group>"; };
		0FDC471F27317711004FCBCE /* MontserratAlternates-Black.ttf */ = {isa = PBXFileReference; lastKnownFileType = file; path = "MontserratAlternates-Black.ttf"; sourceTree = "<group>"; };
		0FDC47352731C6BB004FCBCE /* TimerViewPresenter.swift */ = {isa = PBXFileReference; lastKnownFileType = sourcecode.swift; path = TimerViewPresenter.swift; sourceTree = "<group>"; };
		374DD1B2284686A1912976D8 /* Pods-Baby Sleep.debug.xcconfig */ = {isa = PBXFileReference; includeInIndex = 1; lastKnownFileType = text.xcconfig; name = "Pods-Baby Sleep.debug.xcconfig"; path = "Target Support Files/Pods-Baby Sleep/Pods-Baby Sleep.debug.xcconfig"; sourceTree = "<group>"; };
		97DEA186E8F25836A30D84EB /* Pods_Baby_Sleep.framework */ = {isa = PBXFileReference; explicitFileType = wrapper.framework; includeInIndex = 0; path = Pods_Baby_Sleep.framework; sourceTree = BUILT_PRODUCTS_DIR; };
		BE65FC9E2A8D5F21009E3C5D /* LifeTimeSubscriptionsViewController.swift */ = {isa = PBXFileReference; lastKnownFileType = sourcecode.swift; path = LifeTimeSubscriptionsViewController.swift; sourceTree = "<group>"; };
		BE65FCA02A8D60A3009E3C5D /* CommonSubscriptionViewController.swift */ = {isa = PBXFileReference; lastKnownFileType = sourcecode.swift; path = CommonSubscriptionViewController.swift; sourceTree = "<group>"; };
		BE65FCA52A960E12009E3C5D /* SettingsViewController.swift */ = {isa = PBXFileReference; lastKnownFileType = sourcecode.swift; path = SettingsViewController.swift; sourceTree = "<group>"; };
		BE65FCA72A962F2F009E3C5D /* TableViewCell.swift */ = {isa = PBXFileReference; lastKnownFileType = sourcecode.swift; path = TableViewCell.swift; sourceTree = "<group>"; };
		BE65FCA92A962F4C009E3C5D /* SettingsImageView.swift */ = {isa = PBXFileReference; lastKnownFileType = sourcecode.swift; path = SettingsImageView.swift; sourceTree = "<group>"; };
		CF3180EE80ACA435B37E96FD /* Pods-Baby Sleep.release.xcconfig */ = {isa = PBXFileReference; includeInIndex = 1; lastKnownFileType = text.xcconfig; name = "Pods-Baby Sleep.release.xcconfig"; path = "Target Support Files/Pods-Baby Sleep/Pods-Baby Sleep.release.xcconfig"; sourceTree = "<group>"; };
/* End PBXFileReference section */

/* Begin PBXFrameworksBuildPhase section */
		04F5667924B88CA6002FB386 /* Frameworks */ = {
			isa = PBXFrameworksBuildPhase;
			buildActionMask = 2147483647;
			files = (
				D119D954C87A003F2A472291 /* Pods_Baby_Sleep.framework in Frameworks */,
			);
			runOnlyForDeploymentPostprocessing = 0;
		};
/* End PBXFrameworksBuildPhase section */

/* Begin PBXGroup section */
		041210FA24E2940A00ED82BC /* Servises */ = {
			isa = PBXGroup;
			children = (
				0F41F10C272C46F500C5BACE /* PurchaseManager.swift */,
				0F41F10A272C46EF00C5BACE /* NotificationService.swift */,
				0F41F108272C46E700C5BACE /* DefaultsService.swift */,
				0492468124DAC48D00E5273E /* NetworkService.swift */,
				04DAF59E24E5B0DD001E9C48 /* CachingService.swift */,
				045C94ED2576BB4C00A86876 /* AudioPlayer.swift */,
			);
			path = Servises;
			sourceTree = "<group>";
		};
		045C94F02576C15800A86876 /* Helpers */ = {
			isa = PBXGroup;
			children = (
				045C94F12576C19300A86876 /* HapticFeedback.swift */,
			);
			path = Helpers;
			sourceTree = "<group>";
		};
		0489B6CE24D84E500059E949 /* Animation JSON */ = {
			isa = PBXGroup;
			children = (
				0489B6CC24D84A8A0059E949 /* background.json */,
			);
			path = "Animation JSON";
			sourceTree = "<group>";
		};
		0496B48F24C1EF9C00677EAA /* View */ = {
			isa = PBXGroup;
			children = (
				04F5669F24BB0FD6002FB386 /* MainViewController.swift */,
				0496B49024C1EFE000677EAA /* MainViewCell.swift */,
			);
			path = View;
			sourceTree = "<group>";
		};
		04E84EDF258A1F6600A7CECA /* CustomUIView */ = {
			isa = PBXGroup;
			children = (
				04E84EE0258A204500A7CECA /* TimerView.swift */,
				04E84EC6258A1EA100A7CECA /* ChoiseTimerView.swift */,
			);
			path = CustomUIView;
			sourceTree = "<group>";
		};
		04E9A6DB25DAFF600090C4D2 /* TimerModule */ = {
			isa = PBXGroup;
			children = (
				0FDC47342731C69B004FCBCE /* TimerView */,
				0FDC47332731C686004FCBCE /* TimerViewPresenter */,
				04E84EDF258A1F6600A7CECA /* CustomUIView */,
			);
			path = TimerModule;
			sourceTree = "<group>";
		};
		04F5667324B88CA6002FB386 = {
			isa = PBXGroup;
			children = (
				04F5667E24B88CA6002FB386 /* Baby Sleep */,
				04F5667D24B88CA6002FB386 /* Products */,
				F6D93916E8E5541EFC320D86 /* Pods */,
				C34B164CD64C171AC044B909 /* Frameworks */,
			);
			sourceTree = "<group>";
		};
		04F5667D24B88CA6002FB386 /* Products */ = {
			isa = PBXGroup;
			children = (
				04F5667C24B88CA6002FB386 /* Baby Sleep.app */,
			);
			name = Products;
			sourceTree = "<group>";
		};
		04F5667E24B88CA6002FB386 /* Baby Sleep */ = {
			isa = PBXGroup;
			children = (
				04F59E6025757F8500A35094 /* Application */,
				04F59E6125757FDD00A35094 /* Environments */,
				04F59E642575809000A35094 /* SupportingFiles */,
			);
			path = "Baby Sleep";
			sourceTree = "<group>";
		};
		04F5669324BAF943002FB386 /* Model */ = {
			isa = PBXGroup;
			children = (
				04F5669424BAF975002FB386 /* SoundModel.swift */,
			);
			path = Model;
			sourceTree = "<group>";
		};
		04F5669924BB0753002FB386 /* Fonts */ = {
			isa = PBXGroup;
			children = (
				0FDC471F27317711004FCBCE /* MontserratAlternates-Black.ttf */,
				0FDC47162731770F004FCBCE /* MontserratAlternates-BlackItalic.ttf */,
				0FDC471B27317710004FCBCE /* MontserratAlternates-Bold.ttf */,
				0FDC470D2731770E004FCBCE /* MontserratAlternates-BoldItalic.ttf */,
				0FDC47152731770F004FCBCE /* MontserratAlternates-ExtraBold.ttf */,
				0FDC47102731770E004FCBCE /* MontserratAlternates-ExtraBoldItalic.ttf */,
				0FDC47122731770F004FCBCE /* MontserratAlternates-ExtraLight.ttf */,
				0FDC471927317710004FCBCE /* MontserratAlternates-ExtraLightItalic.ttf */,
				0FDC471C27317710004FCBCE /* MontserratAlternates-Italic.ttf */,
				0FDC47112731770E004FCBCE /* MontserratAlternates-Light.ttf */,
				0FDC47172731770F004FCBCE /* MontserratAlternates-LightItalic.ttf */,
				0FDC47142731770F004FCBCE /* MontserratAlternates-Medium.ttf */,
				0FDC471E27317710004FCBCE /* MontserratAlternates-MediumItalic.ttf */,
				0FDC471A27317710004FCBCE /* MontserratAlternates-Regular.ttf */,
				0FDC470E2731770E004FCBCE /* MontserratAlternates-SemiBold.ttf */,
				0FDC470F2731770E004FCBCE /* MontserratAlternates-SemiBoldItalic.ttf */,
				0FDC47132731770F004FCBCE /* MontserratAlternates-Thin.ttf */,
				0FDC471D27317710004FCBCE /* MontserratAlternates-ThinItalic.ttf */,
				04F5669B24BB07E5002FB386 /* Montserrat_Alternates.ttf */,
				0496B48D24C1D87E00677EAA /* Montserra_Regular.ttf */,
			);
			path = Fonts;
			sourceTree = "<group>";
		};
		04F59E6025757F8500A35094 /* Application */ = {
			isa = PBXGroup;
			children = (
				0F41F10E272C46FE00C5BACE /* UIViewElements */,
				0F65A15B26B7C87D00654249 /* Delegate */,
				04F59E652575812300A35094 /* Flow */,
				041210FA24E2940A00ED82BC /* Servises */,
				04F59E7F2576364B00A35094 /* Core */,
			);
			path = Application;
			sourceTree = "<group>";
		};
		04F59E6125757FDD00A35094 /* Environments */ = {
			isa = PBXGroup;
			children = (
				04F5668D24B88CA9002FB386 /* Info.plist */,
				0489B6CF24D8708D0059E949 /* GoogleService-Info.plist */,
			);
			path = Environments;
			sourceTree = "<group>";
		};
		04F59E642575809000A35094 /* SupportingFiles */ = {
			isa = PBXGroup;
			children = (
				04F5668824B88CA9002FB386 /* Assets.xcassets */,
				04F5668A24B88CA9002FB386 /* LaunchScreen.storyboard */,
				0489B6CE24D84E500059E949 /* Animation JSON */,
				04F5669924BB0753002FB386 /* Fonts */,
			);
			path = SupportingFiles;
			sourceTree = "<group>";
		};
		04F59E652575812300A35094 /* Flow */ = {
			isa = PBXGroup;
			children = (
				04F59E8925763E0E00A35094 /* ControllerBuilder.swift */,
				0F41F0FF272C46CB00C5BACE /* SubscriptionModule */,
				04F59E67257581C000A35094 /* StarModule */,
				04F59E6A2575821F00A35094 /* MainModule */,
				04E9A6DB25DAFF600090C4D2 /* TimerModule */,
				BE65FCA22A960C8D009E3C5D /* SettingsModule */,
			);
			path = Flow;
			sourceTree = "<group>";
		};
		04F59E67257581C000A35094 /* StarModule */ = {
			isa = PBXGroup;
			children = (
				04F59E68257581F600A35094 /* View */,
			);
			path = StarModule;
			sourceTree = "<group>";
		};
		04F59E68257581F600A35094 /* View */ = {
			isa = PBXGroup;
			children = (
				04F5668324B88CA6002FB386 /* StartViewController.swift */,
			);
			path = View;
			sourceTree = "<group>";
		};
		04F59E6A2575821F00A35094 /* MainModule */ = {
			isa = PBXGroup;
			children = (
				04F5669324BAF943002FB386 /* Model */,
				0496B48F24C1EF9C00677EAA /* View */,
				04F59E8D257641C800A35094 /* Presenter */,
			);
			path = MainModule;
			sourceTree = "<group>";
		};
		04F59E7F2576364B00A35094 /* Core */ = {
			isa = PBXGroup;
			children = (
				045C94F02576C15800A86876 /* Helpers */,
				0F3CBA5C2620896D006BF1E8 /* Extensions */,
			);
			path = Core;
			sourceTree = "<group>";
		};
		04F59E8D257641C800A35094 /* Presenter */ = {
			isa = PBXGroup;
			children = (
				04F59E8E257642D700A35094 /* MainViewControllerPresenter.swift */,
			);
			path = Presenter;
			sourceTree = "<group>";
		};
		0F3CBA5C2620896D006BF1E8 /* Extensions */ = {
			isa = PBXGroup;
			children = (
				0F3CBA5D2620896D006BF1E8 /* UIColorExtensions.swift */,
				0F98274B26A1A7ED0001950E /* UIDeviceExtension.swift */,
			);
			path = Extensions;
			sourceTree = "<group>";
		};
		0F41F0FF272C46CB00C5BACE /* SubscriptionModule */ = {
			isa = PBXGroup;
			children = (
				0F41F100272C46CB00C5BACE /* SubscriptionsID's.swift */,
				0F41F101272C46CB00C5BACE /* Presenter */,
				0F41F103272C46CB00C5BACE /* View */,
			);
			path = SubscriptionModule;
			sourceTree = "<group>";
		};
		0F41F101272C46CB00C5BACE /* Presenter */ = {
			isa = PBXGroup;
			children = (
				0F41F102272C46CB00C5BACE /* SubscriptionViewPresenter.swift */,
			);
			path = Presenter;
			sourceTree = "<group>";
		};
		0F41F103272C46CB00C5BACE /* View */ = {
			isa = PBXGroup;
			children = (
				0F41F104272C46CB00C5BACE /* SubscriptionViewController.swift */,
				BE65FC9E2A8D5F21009E3C5D /* LifeTimeSubscriptionsViewController.swift */,
				BE65FCA02A8D60A3009E3C5D /* CommonSubscriptionViewController.swift */,
			);
			path = View;
			sourceTree = "<group>";
		};
		0F41F10E272C46FE00C5BACE /* UIViewElements */ = {
			isa = PBXGroup;
			children = (
				0F41F10F272C46FE00C5BACE /* PriceView.swift */,
				0F41F110272C46FE00C5BACE /* TermsOfUseButton.swift */,
				0F41F111272C46FE00C5BACE /* BasicButton.swift */,
				0F41F112272C46FE00C5BACE /* GradientView.swift */,
				0F41F113272C46FE00C5BACE /* PrivacyPolicyButton.swift */,
			);
			path = UIViewElements;
			sourceTree = "<group>";
		};
		0F65A15B26B7C87D00654249 /* Delegate */ = {
			isa = PBXGroup;
			children = (
				04F5667F24B88CA6002FB386 /* AppDelegate.swift */,
				04F5668124B88CA6002FB386 /* SceneDelegate.swift */,
			);
			path = Delegate;
			sourceTree = "<group>";
		};
		0FDC47332731C686004FCBCE /* TimerViewPresenter */ = {
			isa = PBXGroup;
			children = (
				0FDC47352731C6BB004FCBCE /* TimerViewPresenter.swift */,
			);
			path = TimerViewPresenter;
			sourceTree = "<group>";
		};
		0FDC47342731C69B004FCBCE /* TimerView */ = {
			isa = PBXGroup;
			children = (
				04E9A6DD25DAFF9D0090C4D2 /* TimerViewController.swift */,
			);
			path = TimerView;
			sourceTree = "<group>";
		};
		BE65FCA22A960C8D009E3C5D /* SettingsModule */ = {
			isa = PBXGroup;
			children = (
				BE65FCA52A960E12009E3C5D /* SettingsViewController.swift */,
				BE65FCA72A962F2F009E3C5D /* TableViewCell.swift */,
				BE65FCA92A962F4C009E3C5D /* SettingsImageView.swift */,
			);
			path = SettingsModule;
			sourceTree = "<group>";
		};
		C34B164CD64C171AC044B909 /* Frameworks */ = {
			isa = PBXGroup;
			children = (
				97DEA186E8F25836A30D84EB /* Pods_Baby_Sleep.framework */,
			);
			name = Frameworks;
			sourceTree = "<group>";
		};
		F6D93916E8E5541EFC320D86 /* Pods */ = {
			isa = PBXGroup;
			children = (
				374DD1B2284686A1912976D8 /* Pods-Baby Sleep.debug.xcconfig */,
				CF3180EE80ACA435B37E96FD /* Pods-Baby Sleep.release.xcconfig */,
			);
			path = Pods;
			sourceTree = "<group>";
		};
/* End PBXGroup section */

/* Begin PBXNativeTarget section */
		04F5667B24B88CA6002FB386 /* Baby Sleep */ = {
			isa = PBXNativeTarget;
			buildConfigurationList = 04F5669024B88CA9002FB386 /* Build configuration list for PBXNativeTarget "Baby Sleep" */;
			buildPhases = (
				8A76F4A043639B7B9658BE17 /* [CP] Check Pods Manifest.lock */,
				04F5667824B88CA6002FB386 /* Sources */,
				04F5667924B88CA6002FB386 /* Frameworks */,
				04F5667A24B88CA6002FB386 /* Resources */,
				A910C9A7B3CF5EE1EF1673F7 /* [CP] Embed Pods Frameworks */,
			);
			buildRules = (
			);
			dependencies = (
			);
			name = "Baby Sleep";
			productName = "Baby Sleep";
			productReference = 04F5667C24B88CA6002FB386 /* Baby Sleep.app */;
			productType = "com.apple.product-type.application";
		};
/* End PBXNativeTarget section */

/* Begin PBXProject section */
		04F5667424B88CA6002FB386 /* Project object */ = {
			isa = PBXProject;
			attributes = {
				LastSwiftUpdateCheck = 1150;
				LastUpgradeCheck = 1150;
				ORGANIZATIONNAME = "Aleksandr Serov";
				TargetAttributes = {
					04F5667B24B88CA6002FB386 = {
						CreatedOnToolsVersion = 11.5;
					};
				};
			};
			buildConfigurationList = 04F5667724B88CA6002FB386 /* Build configuration list for PBXProject "Baby Sleep" */;
			compatibilityVersion = "Xcode 9.3";
			developmentRegion = en;
			hasScannedForEncodings = 0;
			knownRegions = (
				en,
				Base,
			);
			mainGroup = 04F5667324B88CA6002FB386;
			productRefGroup = 04F5667D24B88CA6002FB386 /* Products */;
			projectDirPath = "";
			projectRoot = "";
			targets = (
				04F5667B24B88CA6002FB386 /* Baby Sleep */,
			);
		};
/* End PBXProject section */

/* Begin PBXResourcesBuildPhase section */
		04F5667A24B88CA6002FB386 /* Resources */ = {
			isa = PBXResourcesBuildPhase;
			buildActionMask = 2147483647;
			files = (
				0FDC472027317711004FCBCE /* MontserratAlternates-BoldItalic.ttf in Resources */,
				0FDC473027317711004FCBCE /* MontserratAlternates-ThinItalic.ttf in Resources */,
				0FDC472127317711004FCBCE /* MontserratAlternates-SemiBold.ttf in Resources */,
				0FDC472F27317711004FCBCE /* MontserratAlternates-Italic.ttf in Resources */,
				0FDC472927317711004FCBCE /* MontserratAlternates-BlackItalic.ttf in Resources */,
				0FDC472527317711004FCBCE /* MontserratAlternates-ExtraLight.ttf in Resources */,
				04F5668C24B88CA9002FB386 /* LaunchScreen.storyboard in Resources */,
				0FDC473127317711004FCBCE /* MontserratAlternates-MediumItalic.ttf in Resources */,
				0FDC472A27317711004FCBCE /* MontserratAlternates-LightItalic.ttf in Resources */,
				0489B6CD24D84A8A0059E949 /* background.json in Resources */,
				0FDC472327317711004FCBCE /* MontserratAlternates-ExtraBoldItalic.ttf in Resources */,
				0FDC472427317711004FCBCE /* MontserratAlternates-Light.ttf in Resources */,
				0FDC472227317711004FCBCE /* MontserratAlternates-SemiBoldItalic.ttf in Resources */,
				04F5668924B88CA9002FB386 /* Assets.xcassets in Resources */,
				0FDC472C27317711004FCBCE /* MontserratAlternates-ExtraLightItalic.ttf in Resources */,
				04F5669C24BB07E5002FB386 /* Montserrat_Alternates.ttf in Resources */,
				0496B48E24C1D87E00677EAA /* Montserra_Regular.ttf in Resources */,
				0FDC472627317711004FCBCE /* MontserratAlternates-Thin.ttf in Resources */,
				0489B6D024D8708D0059E949 /* GoogleService-Info.plist in Resources */,
				0FDC472727317711004FCBCE /* MontserratAlternates-Medium.ttf in Resources */,
				0FDC472D27317711004FCBCE /* MontserratAlternates-Regular.ttf in Resources */,
				0FDC472E27317711004FCBCE /* MontserratAlternates-Bold.ttf in Resources */,
				0FDC473227317711004FCBCE /* MontserratAlternates-Black.ttf in Resources */,
				0FDC472827317711004FCBCE /* MontserratAlternates-ExtraBold.ttf in Resources */,
			);
			runOnlyForDeploymentPostprocessing = 0;
		};
/* End PBXResourcesBuildPhase section */

/* Begin PBXShellScriptBuildPhase section */
		8A76F4A043639B7B9658BE17 /* [CP] Check Pods Manifest.lock */ = {
			isa = PBXShellScriptBuildPhase;
			buildActionMask = 2147483647;
			files = (
			);
			inputFileListPaths = (
			);
			inputPaths = (
				"${PODS_PODFILE_DIR_PATH}/Podfile.lock",
				"${PODS_ROOT}/Manifest.lock",
			);
			name = "[CP] Check Pods Manifest.lock";
			outputFileListPaths = (
			);
			outputPaths = (
				"$(DERIVED_FILE_DIR)/Pods-Baby Sleep-checkManifestLockResult.txt",
			);
			runOnlyForDeploymentPostprocessing = 0;
			shellPath = /bin/sh;
			shellScript = "diff \"${PODS_PODFILE_DIR_PATH}/Podfile.lock\" \"${PODS_ROOT}/Manifest.lock\" > /dev/null\nif [ $? != 0 ] ; then\n    # print error to STDERR\n    echo \"error: The sandbox is not in sync with the Podfile.lock. Run 'pod install' or update your CocoaPods installation.\" >&2\n    exit 1\nfi\n# This output is used by Xcode 'outputs' to avoid re-running this script phase.\necho \"SUCCESS\" > \"${SCRIPT_OUTPUT_FILE_0}\"\n";
			showEnvVarsInLog = 0;
		};
		A910C9A7B3CF5EE1EF1673F7 /* [CP] Embed Pods Frameworks */ = {
			isa = PBXShellScriptBuildPhase;
			buildActionMask = 2147483647;
			files = (
			);
			inputFileListPaths = (
				"${PODS_ROOT}/Target Support Files/Pods-Baby Sleep/Pods-Baby Sleep-frameworks-${CONFIGURATION}-input-files.xcfilelist",
			);
			name = "[CP] Embed Pods Frameworks";
			outputFileListPaths = (
				"${PODS_ROOT}/Target Support Files/Pods-Baby Sleep/Pods-Baby Sleep-frameworks-${CONFIGURATION}-output-files.xcfilelist",
			);
			runOnlyForDeploymentPostprocessing = 0;
			shellPath = /bin/sh;
			shellScript = "\"${PODS_ROOT}/Target Support Files/Pods-Baby Sleep/Pods-Baby Sleep-frameworks.sh\"\n";
			showEnvVarsInLog = 0;
		};
/* End PBXShellScriptBuildPhase section */

/* Begin PBXSourcesBuildPhase section */
		04F5667824B88CA6002FB386 /* Sources */ = {
			isa = PBXSourcesBuildPhase;
			buildActionMask = 2147483647;
			files = (
				BE65FCA12A8D60A3009E3C5D /* CommonSubscriptionViewController.swift in Sources */,
				0F41F106272C46CB00C5BACE /* SubscriptionViewPresenter.swift in Sources */,
				BE65FCA62A960E12009E3C5D /* SettingsViewController.swift in Sources */,
				04E84EE1258A204500A7CECA /* TimerView.swift in Sources */,
				0FDC47362731C6BB004FCBCE /* TimerViewPresenter.swift in Sources */,
				0F41F105272C46CB00C5BACE /* SubscriptionsID's.swift in Sources */,
				BE65FCA82A962F2F009E3C5D /* TableViewCell.swift in Sources */,
				04F5668424B88CA6002FB386 /* StartViewController.swift in Sources */,
				045C94F22576C19300A86876 /* HapticFeedback.swift in Sources */,
				0F41F109272C46E700C5BACE /* DefaultsService.swift in Sources */,
				0F41F116272C46FE00C5BACE /* BasicButton.swift in Sources */,
				0492468224DAC48D00E5273E /* NetworkService.swift in Sources */,
				0F41F117272C46FE00C5BACE /* GradientView.swift in Sources */,
				0F41F107272C46CB00C5BACE /* SubscriptionViewController.swift in Sources */,
				0F41F114272C46FE00C5BACE /* PriceView.swift in Sources */,
				04E9A6DE25DAFF9E0090C4D2 /* TimerViewController.swift in Sources */,
				04F59E8F257642D700A35094 /* MainViewControllerPresenter.swift in Sources */,
				04F5668024B88CA6002FB386 /* AppDelegate.swift in Sources */,
				04E84EC7258A1EA100A7CECA /* ChoiseTimerView.swift in Sources */,
				0F41F10D272C46F500C5BACE /* PurchaseManager.swift in Sources */,
				0F41F10B272C46EF00C5BACE /* NotificationService.swift in Sources */,
				BE65FCAA2A962F4C009E3C5D /* SettingsImageView.swift in Sources */,
				0F3CBA5E2620896D006BF1E8 /* UIColorExtensions.swift in Sources */,
				04F566A024BB0FD6002FB386 /* MainViewController.swift in Sources */,
				04F5668224B88CA6002FB386 /* SceneDelegate.swift in Sources */,
				04DAF59F24E5B0DD001E9C48 /* CachingService.swift in Sources */,
				0F41F115272C46FE00C5BACE /* TermsOfUseButton.swift in Sources */,
				04F59E8A25763E0E00A35094 /* ControllerBuilder.swift in Sources */,
				0496B49124C1EFE000677EAA /* MainViewCell.swift in Sources */,
				04F5669524BAF975002FB386 /* SoundModel.swift in Sources */,
				045C94EE2576BB4C00A86876 /* AudioPlayer.swift in Sources */,
				0F41F118272C46FE00C5BACE /* PrivacyPolicyButton.swift in Sources */,
				BE65FC9F2A8D5F21009E3C5D /* LifeTimeSubscriptionsViewController.swift in Sources */,
				0F98274C26A1A7ED0001950E /* UIDeviceExtension.swift in Sources */,
			);
			runOnlyForDeploymentPostprocessing = 0;
		};
/* End PBXSourcesBuildPhase section */

/* Begin PBXVariantGroup section */
		04F5668A24B88CA9002FB386 /* LaunchScreen.storyboard */ = {
			isa = PBXVariantGroup;
			children = (
				04F5668B24B88CA9002FB386 /* Base */,
			);
			name = LaunchScreen.storyboard;
			sourceTree = "<group>";
		};
/* End PBXVariantGroup section */

/* Begin XCBuildConfiguration section */
		04F5668E24B88CA9002FB386 /* Debug */ = {
			isa = XCBuildConfiguration;
			buildSettings = {
				ALWAYS_SEARCH_USER_PATHS = NO;
				CLANG_ANALYZER_NONNULL = YES;
				CLANG_ANALYZER_NUMBER_OBJECT_CONVERSION = YES_AGGRESSIVE;
				CLANG_CXX_LANGUAGE_STANDARD = "gnu++14";
				CLANG_CXX_LIBRARY = "libc++";
				CLANG_ENABLE_MODULES = YES;
				CLANG_ENABLE_OBJC_ARC = YES;
				CLANG_ENABLE_OBJC_WEAK = YES;
				CLANG_WARN_BLOCK_CAPTURE_AUTORELEASING = YES;
				CLANG_WARN_BOOL_CONVERSION = YES;
				CLANG_WARN_COMMA = YES;
				CLANG_WARN_CONSTANT_CONVERSION = YES;
				CLANG_WARN_DEPRECATED_OBJC_IMPLEMENTATIONS = YES;
				CLANG_WARN_DIRECT_OBJC_ISA_USAGE = YES_ERROR;
				CLANG_WARN_DOCUMENTATION_COMMENTS = YES;
				CLANG_WARN_EMPTY_BODY = YES;
				CLANG_WARN_ENUM_CONVERSION = YES;
				CLANG_WARN_INFINITE_RECURSION = YES;
				CLANG_WARN_INT_CONVERSION = YES;
				CLANG_WARN_NON_LITERAL_NULL_CONVERSION = YES;
				CLANG_WARN_OBJC_IMPLICIT_RETAIN_SELF = YES;
				CLANG_WARN_OBJC_LITERAL_CONVERSION = YES;
				CLANG_WARN_OBJC_ROOT_CLASS = YES_ERROR;
				CLANG_WARN_RANGE_LOOP_ANALYSIS = YES;
				CLANG_WARN_STRICT_PROTOTYPES = YES;
				CLANG_WARN_SUSPICIOUS_MOVE = YES;
				CLANG_WARN_UNGUARDED_AVAILABILITY = YES_AGGRESSIVE;
				CLANG_WARN_UNREACHABLE_CODE = YES;
				CLANG_WARN__DUPLICATE_METHOD_MATCH = YES;
				COPY_PHASE_STRIP = NO;
				DEBUG_INFORMATION_FORMAT = dwarf;
				ENABLE_STRICT_OBJC_MSGSEND = YES;
				ENABLE_TESTABILITY = YES;
				GCC_C_LANGUAGE_STANDARD = gnu11;
				GCC_DYNAMIC_NO_PIC = NO;
				GCC_NO_COMMON_BLOCKS = YES;
				GCC_OPTIMIZATION_LEVEL = 0;
				GCC_PREPROCESSOR_DEFINITIONS = (
					"DEBUG=1",
					"$(inherited)",
				);
				GCC_WARN_64_TO_32_BIT_CONVERSION = YES;
				GCC_WARN_ABOUT_RETURN_TYPE = YES_ERROR;
				GCC_WARN_UNDECLARED_SELECTOR = YES;
				GCC_WARN_UNINITIALIZED_AUTOS = YES_AGGRESSIVE;
				GCC_WARN_UNUSED_FUNCTION = YES;
				GCC_WARN_UNUSED_VARIABLE = YES;
				IPHONEOS_DEPLOYMENT_TARGET = 13.0;
				MTL_ENABLE_DEBUG_INFO = INCLUDE_SOURCE;
				MTL_FAST_MATH = YES;
				ONLY_ACTIVE_ARCH = YES;
				SDKROOT = iphoneos;
				SWIFT_ACTIVE_COMPILATION_CONDITIONS = DEBUG;
				SWIFT_OPTIMIZATION_LEVEL = "-Onone";
			};
			name = Debug;
		};
		04F5668F24B88CA9002FB386 /* Release */ = {
			isa = XCBuildConfiguration;
			buildSettings = {
				ALWAYS_SEARCH_USER_PATHS = NO;
				CLANG_ANALYZER_NONNULL = YES;
				CLANG_ANALYZER_NUMBER_OBJECT_CONVERSION = YES_AGGRESSIVE;
				CLANG_CXX_LANGUAGE_STANDARD = "gnu++14";
				CLANG_CXX_LIBRARY = "libc++";
				CLANG_ENABLE_MODULES = YES;
				CLANG_ENABLE_OBJC_ARC = YES;
				CLANG_ENABLE_OBJC_WEAK = YES;
				CLANG_WARN_BLOCK_CAPTURE_AUTORELEASING = YES;
				CLANG_WARN_BOOL_CONVERSION = YES;
				CLANG_WARN_COMMA = YES;
				CLANG_WARN_CONSTANT_CONVERSION = YES;
				CLANG_WARN_DEPRECATED_OBJC_IMPLEMENTATIONS = YES;
				CLANG_WARN_DIRECT_OBJC_ISA_USAGE = YES_ERROR;
				CLANG_WARN_DOCUMENTATION_COMMENTS = YES;
				CLANG_WARN_EMPTY_BODY = YES;
				CLANG_WARN_ENUM_CONVERSION = YES;
				CLANG_WARN_INFINITE_RECURSION = YES;
				CLANG_WARN_INT_CONVERSION = YES;
				CLANG_WARN_NON_LITERAL_NULL_CONVERSION = YES;
				CLANG_WARN_OBJC_IMPLICIT_RETAIN_SELF = YES;
				CLANG_WARN_OBJC_LITERAL_CONVERSION = YES;
				CLANG_WARN_OBJC_ROOT_CLASS = YES_ERROR;
				CLANG_WARN_RANGE_LOOP_ANALYSIS = YES;
				CLANG_WARN_STRICT_PROTOTYPES = YES;
				CLANG_WARN_SUSPICIOUS_MOVE = YES;
				CLANG_WARN_UNGUARDED_AVAILABILITY = YES_AGGRESSIVE;
				CLANG_WARN_UNREACHABLE_CODE = YES;
				CLANG_WARN__DUPLICATE_METHOD_MATCH = YES;
				COPY_PHASE_STRIP = NO;
				DEBUG_INFORMATION_FORMAT = "dwarf-with-dsym";
				ENABLE_NS_ASSERTIONS = NO;
				ENABLE_STRICT_OBJC_MSGSEND = YES;
				GCC_C_LANGUAGE_STANDARD = gnu11;
				GCC_NO_COMMON_BLOCKS = YES;
				GCC_WARN_64_TO_32_BIT_CONVERSION = YES;
				GCC_WARN_ABOUT_RETURN_TYPE = YES_ERROR;
				GCC_WARN_UNDECLARED_SELECTOR = YES;
				GCC_WARN_UNINITIALIZED_AUTOS = YES_AGGRESSIVE;
				GCC_WARN_UNUSED_FUNCTION = YES;
				GCC_WARN_UNUSED_VARIABLE = YES;
				IPHONEOS_DEPLOYMENT_TARGET = 13.0;
				MTL_ENABLE_DEBUG_INFO = NO;
				MTL_FAST_MATH = YES;
				SDKROOT = iphoneos;
				SWIFT_COMPILATION_MODE = wholemodule;
				SWIFT_OPTIMIZATION_LEVEL = "-O";
				VALIDATE_PRODUCT = YES;
			};
			name = Release;
		};
		04F5669124B88CA9002FB386 /* Debug */ = {
			isa = XCBuildConfiguration;
			baseConfigurationReference = 374DD1B2284686A1912976D8 /* Pods-Baby Sleep.debug.xcconfig */;
			buildSettings = {
				ASSETCATALOG_COMPILER_APPICON_NAME = AppIcon;
				CODE_SIGN_IDENTITY = "Apple Development";
				CODE_SIGN_STYLE = Automatic;
				DEVELOPMENT_TEAM = 928NUL5HHN;
				INFOPLIST_FILE = "Baby Sleep/Environments/Info.plist";
				INFOPLIST_KEY_LSApplicationCategoryType = "public.app-category.lifestyle";
				IPHONEOS_DEPLOYMENT_TARGET = 14.0;
				LD_RUNPATH_SEARCH_PATHS = (
					"$(inherited)",
					"@executable_path/Frameworks",
				);
				PRODUCT_BUNDLE_IDENTIFIER = com.luckylimited.whysohot.vpn;
				PRODUCT_NAME = "$(TARGET_NAME)";
				PROVISIONING_PROFILE_SPECIFIER = "";
				SWIFT_VERSION = 5.0;
				TARGETED_DEVICE_FAMILY = 1;
			};
			name = Debug;
		};
		04F5669224B88CA9002FB386 /* Release */ = {
			isa = XCBuildConfiguration;
			baseConfigurationReference = CF3180EE80ACA435B37E96FD /* Pods-Baby Sleep.release.xcconfig */;
			buildSettings = {
				ASSETCATALOG_COMPILER_APPICON_NAME = AppIcon;
				CODE_SIGN_IDENTITY = "Apple Development";
				CODE_SIGN_STYLE = Automatic;
				DEVELOPMENT_TEAM = 928NUL5HHN;
				INFOPLIST_FILE = "Baby Sleep/Environments/Info.plist";
				INFOPLIST_KEY_LSApplicationCategoryType = "public.app-category.lifestyle";
				IPHONEOS_DEPLOYMENT_TARGET = 14.0;
				LD_RUNPATH_SEARCH_PATHS = (
					"$(inherited)",
					"@executable_path/Frameworks",
				);
				PRODUCT_BUNDLE_IDENTIFIER = com.luckylimited.whysohot.vpn;
				PRODUCT_NAME = "$(TARGET_NAME)";
				PROVISIONING_PROFILE_SPECIFIER = "";
				SWIFT_VERSION = 5.0;
				TARGETED_DEVICE_FAMILY = 1;
			};
			name = Release;
		};
/* End XCBuildConfiguration section */

/* Begin XCConfigurationList section */
		04F5667724B88CA6002FB386 /* Build configuration list for PBXProject "Baby Sleep" */ = {
			isa = XCConfigurationList;
			buildConfigurations = (
				04F5668E24B88CA9002FB386 /* Debug */,
				04F5668F24B88CA9002FB386 /* Release */,
			);
			defaultConfigurationIsVisible = 0;
			defaultConfigurationName = Release;
		};
		04F5669024B88CA9002FB386 /* Build configuration list for PBXNativeTarget "Baby Sleep" */ = {
			isa = XCConfigurationList;
			buildConfigurations = (
				04F5669124B88CA9002FB386 /* Debug */,
				04F5669224B88CA9002FB386 /* Release */,
			);
			defaultConfigurationIsVisible = 0;
			defaultConfigurationName = Release;
		};
/* End XCConfigurationList section */
	};
	rootObject = 04F5667424B88CA6002FB386 /* Project object */;
}
